// !$*UTF8*$!
{
	archiveVersion = 1;
	classes = {
	};
	objectVersion = 50;
	objects = {

/* Begin PBXBuildFile section */
		141D9CC024B2AE99006D2EAE /* AppDelegate.m in Sources */ = {isa = PBXBuildFile; fileRef = 141D9CBF24B2AE99006D2EAE /* AppDelegate.m */; };
		141D9CC324B2AE99006D2EAE /* SceneDelegate.m in Sources */ = {isa = PBXBuildFile; fileRef = 141D9CC224B2AE99006D2EAE /* SceneDelegate.m */; };
		141D9CC624B2AE99006D2EAE /* ViewController.m in Sources */ = {isa = PBXBuildFile; fileRef = 141D9CC524B2AE99006D2EAE /* ViewController.m */; };
		141D9CC924B2AE99006D2EAE /* Main.storyboard in Resources */ = {isa = PBXBuildFile; fileRef = 141D9CC724B2AE99006D2EAE /* Main.storyboard */; };
		141D9CCB24B2AE9B006D2EAE /* Assets.xcassets in Resources */ = {isa = PBXBuildFile; fileRef = 141D9CCA24B2AE9B006D2EAE /* Assets.xcassets */; };
		141D9CCE24B2AE9B006D2EAE /* LaunchScreen.storyboard in Resources */ = {isa = PBXBuildFile; fileRef = 141D9CCC24B2AE9B006D2EAE /* LaunchScreen.storyboard */; };
		141D9CD124B2AE9B006D2EAE /* main.m in Sources */ = {isa = PBXBuildFile; fileRef = 141D9CD024B2AE9B006D2EAE /* main.m */; };
/* End PBXBuildFile section */

/* Begin PBXFileReference section */
		141D9CBB24B2AE99006D2EAE /* library.app */ = {isa = PBXFileReference; explicitFileType = wrapper.application; includeInIndex = 0; path = library.app; sourceTree = BUILT_PRODUCTS_DIR; };
		141D9CBE24B2AE99006D2EAE /* AppDelegate.h */ = {isa = PBXFileReference; lastKnownFileType = sourcecode.c.h; path = AppDelegate.h; sourceTree = "<group>"; };
		141D9CBF24B2AE99006D2EAE /* AppDelegate.m */ = {isa = PBXFileReference; lastKnownFileType = sourcecode.c.objc; path = AppDelegate.m; sourceTree = "<group>"; };
		141D9CC124B2AE99006D2EAE /* SceneDelegate.h */ = {isa = PBXFileReference; lastKnownFileType = sourcecode.c.h; path = SceneDelegate.h; sourceTree = "<group>"; };
		141D9CC224B2AE99006D2EAE /* SceneDelegate.m */ = {isa = PBXFileReference; lastKnownFileType = sourcecode.c.objc; path = SceneDelegate.m; sourceTree = "<group>"; };
		141D9CC424B2AE99006D2EAE /* ViewController.h */ = {isa = PBXFileReference; lastKnownFileType = sourcecode.c.h; path = ViewController.h; sourceTree = "<group>"; };
		141D9CC524B2AE99006D2EAE /* ViewController.m */ = {isa = PBXFileReference; lastKnownFileType = sourcecode.c.objc; path = ViewController.m; sourceTree = "<group>"; };
		141D9CC824B2AE99006D2EAE /* Base */ = {isa = PBXFileReference; lastKnownFileType = file.storyboard; name = Base; path = Base.lproj/Main.storyboard; sourceTree = "<group>"; };
		141D9CCA24B2AE9B006D2EAE /* Assets.xcassets */ = {isa = PBXFileReference; lastKnownFileType = folder.assetcatalog; path = Assets.xcassets; sourceTree = "<group>"; };
		141D9CCD24B2AE9B006D2EAE /* Base */ = {isa = PBXFileReference; lastKnownFileType = file.storyboard; name = Base; path = Base.lproj/LaunchScreen.storyboard; sourceTree = "<group>"; };
		141D9CCF24B2AE9B006D2EAE /* Info.plist */ = {isa = PBXFileReference; lastKnownFileType = text.plist.xml; path = Info.plist; sourceTree = "<group>"; };
		141D9CD024B2AE9B006D2EAE /* main.m */ = {isa = PBXFileReference; lastKnownFileType = sourcecode.c.objc; path = main.m; sourceTree = "<group>"; };
/* End PBXFileReference section */

/* Begin PBXFrameworksBuildPhase section */
		141D9CB824B2AE99006D2EAE /* Frameworks */ = {
			isa = PBXFrameworksBuildPhase;
			buildActionMask = 2147483647;
			files = (
			);
			runOnlyForDeploymentPostprocessing = 0;
		};
/* End PBXFrameworksBuildPhase section */

/* Begin PBXGroup section */
		141D9CB224B2AE99006D2EAE = {
			isa = PBXGroup;
			children = (
				141D9CBD24B2AE99006D2EAE /* library */,
				141D9CBC24B2AE99006D2EAE /* Products */,
			);
			sourceTree = "<group>";
		};
		141D9CBC24B2AE99006D2EAE /* Products */ = {
			isa = PBXGroup;
			children = (
				141D9CBB24B2AE99006D2EAE /* library.app */,
			);
			name = Products;
			sourceTree = "<group>";
		};
		141D9CBD24B2AE99006D2EAE /* library */ = {
			isa = PBXGroup;
			children = (
				141D9CBE24B2AE99006D2EAE /* AppDelegate.h */,
				141D9CBF24B2AE99006D2EAE /* AppDelegate.m */,
				141D9CC124B2AE99006D2EAE /* SceneDelegate.h */,
				141D9CC224B2AE99006D2EAE /* SceneDelegate.m */,
				141D9CC424B2AE99006D2EAE /* ViewController.h */,
				141D9CC524B2AE99006D2EAE /* ViewController.m */,
				141D9CC724B2AE99006D2EAE /* Main.storyboard */,
				141D9CCA24B2AE9B006D2EAE /* Assets.xcassets */,
				141D9CCC24B2AE9B006D2EAE /* LaunchScreen.storyboard */,
				141D9CCF24B2AE9B006D2EAE /* Info.plist */,
				141D9CD024B2AE9B006D2EAE /* main.m */,
			);
			path = library;
			sourceTree = "<group>";
		};
/* End PBXGroup section */

/* Begin PBXNativeTarget section */
		141D9CBA24B2AE99006D2EAE /* library */ = {
			isa = PBXNativeTarget;
			buildConfigurationList = 141D9CD424B2AE9B006D2EAE /* Build configuration list for PBXNativeTarget "library" */;
			buildPhases = (
				141D9CB724B2AE99006D2EAE /* Sources */,
				141D9CB824B2AE99006D2EAE /* Frameworks */,
				141D9CB924B2AE99006D2EAE /* Resources */,
			);
			buildRules = (
			);
			dependencies = (
			);
			name = library;
			productName = library;
			productReference = 141D9CBB24B2AE99006D2EAE /* library.app */;
			productType = "com.apple.product-type.application";
		};
/* End PBXNativeTarget section */

/* Begin PBXProject section */
		141D9CB324B2AE99006D2EAE /* Project object */ = {
			isa = PBXProject;
			attributes = {
				LastUpgradeCheck = 1150;
				ORGANIZATIONNAME = itcast;
				TargetAttributes = {
					141D9CBA24B2AE99006D2EAE = {
						CreatedOnToolsVersion = 11.5;
					};
				};
			};
			buildConfigurationList = 141D9CB624B2AE99006D2EAE /* Build configuration list for PBXProject "library" */;
			compatibilityVersion = "Xcode 9.3";
			developmentRegion = en;
			hasScannedForEncodings = 0;
			knownRegions = (
				en,
				Base,
			);
			mainGroup = 141D9CB224B2AE99006D2EAE;
			productRefGroup = 141D9CBC24B2AE99006D2EAE /* Products */;
			projectDirPath = "";
			projectRoot = "";
			targets = (
				141D9CBA24B2AE99006D2EAE /* library */,
			);
		};
/* End PBXProject section */

/* Begin PBXResourcesBuildPhase section */
		141D9CB924B2AE99006D2EAE /* Resources */ = {
			isa = PBXResourcesBuildPhase;
			buildActionMask = 2147483647;
			files = (
				141D9CCE24B2AE9B006D2EAE /* LaunchScreen.storyboard in Resources */,
				141D9CCB24B2AE9B006D2EAE /* Assets.xcassets in Resources */,
				141D9CC924B2AE99006D2EAE /* Main.storyboard in Resources */,
			);
			runOnlyForDeploymentPostprocessing = 0;
		};
/* End PBXResourcesBuildPhase section */

/* Begin PBXSourcesBuildPhase section */
		141D9CB724B2AE99006D2EAE /* Sources */ = {
			isa = PBXSourcesBuildPhase;
			buildActionMask = 2147483647;
			files = (
				141D9CC624B2AE99006D2EAE /* ViewController.m in Sources */,
				141D9CC024B2AE99006D2EAE /* AppDelegate.m in Sources */,
				141D9CD124B2AE9B006D2EAE /* main.m in Sources */,
				141D9CC324B2AE99006D2EAE /* SceneDelegate.m in Sources */,
			);
			runOnlyForDeploymentPostprocessing = 0;
		};
/* End PBXSourcesBuildPhase section */

/* Begin PBXVariantGroup section */
		141D9CC724B2AE99006D2EAE /* Main.storyboard */ = {
			isa = PBXVariantGroup;
			children = (
				141D9CC824B2AE99006D2EAE /* Base */,
			);
			name = Main.storyboard;
			sourceTree = "<group>";
		};
		141D9CCC24B2AE9B006D2EAE /* LaunchScreen.storyboard */ = {
			isa = PBXVariantGroup;
			children = (
				141D9CCD24B2AE9B006D2EAE /* Base */,
			);
			name = LaunchScreen.storyboard;
			sourceTree = "<group>";
		};
/* End PBXVariantGroup section */

/* Begin XCBuildConfiguration section */
		141D9CD224B2AE9B006D2EAE /* Debug */ = {
			isa = XCBuildConfiguration;
			buildSettings = {
				ALWAYS_SEARCH_USER_PATHS = NO;
				CLANG_ANALYZER_NONNULL = YES;
				CLANG_ANALYZER_NUMBER_OBJECT_CONVERSION = YES_AGGRESSIVE;
				CLANG_CXX_LANGUAGE_STANDARD = "gnu++14";
				CLANG_CXX_LIBRARY = "libc++";
				CLANG_ENABLE_MODULES = YES;
				CLANG_ENABLE_OBJC_ARC = YES;
				CLANG_ENABLE_OBJC_WEAK = YES;
				CLANG_WARN_BLOCK_CAPTURE_AUTORELEASING = YES;
				CLANG_WARN_BOOL_CONVERSION = YES;
				CLANG_WARN_COMMA = YES;
				CLANG_WARN_CONSTANT_CONVERSION = YES;
				CLANG_WARN_DEPRECATED_OBJC_IMPLEMENTATIONS = YES;
				CLANG_WARN_DIRECT_OBJC_ISA_USAGE = YES_ERROR;
				CLANG_WARN_DOCUMENTATION_COMMENTS = YES;
				CLANG_WARN_EMPTY_BODY = YES;
				CLANG_WARN_ENUM_CONVERSION = YES;
				CLANG_WARN_INFINITE_RECURSION = YES;
				CLANG_WARN_INT_CONVERSION = YES;
				CLANG_WARN_NON_LITERAL_NULL_CONVERSION = YES;
				CLANG_WARN_OBJC_IMPLICIT_RETAIN_SELF = YES;
				CLANG_WARN_OBJC_LITERAL_CONVERSION = YES;
				CLANG_WARN_OBJC_ROOT_CLASS = YES_ERROR;
				CLANG_WARN_RANGE_LOOP_ANALYSIS = YES;
				CLANG_WARN_STRICT_PROTOTYPES = YES;
				CLANG_WARN_SUSPICIOUS_MOVE = YES;
				CLANG_WARN_UNGUARDED_AVAILABILITY = YES_AGGRESSIVE;
				CLANG_WARN_UNREACHABLE_CODE = YES;
				CLANG_WARN__DUPLICATE_METHOD_MATCH = YES;
				COPY_PHASE_STRIP = NO;
				DEBUG_INFORMATION_FORMAT = dwarf;
				ENABLE_STRICT_OBJC_MSGSEND = YES;
				ENABLE_TESTABILITY = YES;
				GCC_C_LANGUAGE_STANDARD = gnu11;
				GCC_DYNAMIC_NO_PIC = NO;
				GCC_NO_COMMON_BLOCKS = YES;
				GCC_OPTIMIZATION_LEVEL = 0;
				GCC_PREPROCESSOR_DEFINITIONS = (
					"DEBUG=1",
					"$(inherited)",
				);
				GCC_WARN_64_TO_32_BIT_CONVERSION = YES;
				GCC_WARN_ABOUT_RETURN_TYPE = YES_ERROR;
				GCC_WARN_UNDECLARED_SELECTOR = YES;
				GCC_WARN_UNINITIALIZED_AUTOS = YES_AGGRESSIVE;
				GCC_WARN_UNUSED_FUNCTION = YES;
				GCC_WARN_UNUSED_VARIABLE = YES;
				IPHONEOS_DEPLOYMENT_TARGET = 13.5;
				MTL_ENABLE_DEBUG_INFO = INCLUDE_SOURCE;
				MTL_FAST_MATH = YES;
				ONLY_ACTIVE_ARCH = YES;
				SDKROOT = iphoneos;
			};
			name = Debug;
		};
		141D9CD324B2AE9B006D2EAE /* Release */ = {
			isa = XCBuildConfiguration;
			buildSettings = {
				ALWAYS_SEARCH_USER_PATHS = NO;
				CLANG_ANALYZER_NONNULL = YES;
				CLANG_ANALYZER_NUMBER_OBJECT_CONVERSION = YES_AGGRESSIVE;
				CLANG_CXX_LANGUAGE_STANDARD = "gnu++14";
				CLANG_CXX_LIBRARY = "libc++";
				CLANG_ENABLE_MODULES = YES;
				CLANG_ENABLE_OBJC_ARC = YES;
				CLANG_ENABLE_OBJC_WEAK = YES;
				CLANG_WARN_BLOCK_CAPTURE_AUTORELEASING = YES;
				CLANG_WARN_BOOL_CONVERSION = YES;
				CLANG_WARN_COMMA = YES;
				CLANG_WARN_CONSTANT_CONVERSION = YES;
				CLANG_WARN_DEPRECATED_OBJC_IMPLEMENTATIONS = YES;
				CLANG_WARN_DIRECT_OBJC_ISA_USAGE = YES_ERROR;
				CLANG_WARN_DOCUMENTATION_COMMENTS = YES;
				CLANG_WARN_EMPTY_BODY = YES;
				CLANG_WARN_ENUM_CONVERSION = YES;
				CLANG_WARN_INFINITE_RECURSION = YES;
				CLANG_WARN_INT_CONVERSION = YES;
				CLANG_WARN_NON_LITERAL_NULL_CONVERSION = YES;
				CLANG_WARN_OBJC_IMPLICIT_RETAIN_SELF = YES;
				CLANG_WARN_OBJC_LITERAL_CONVERSION = YES;
				CLANG_WARN_OBJC_ROOT_CLASS = YES_ERROR;
				CLANG_WARN_RANGE_LOOP_ANALYSIS = YES;
				CLANG_WARN_STRICT_PROTOTYPES = YES;
				CLANG_WARN_SUSPICIOUS_MOVE = YES;
				CLANG_WARN_UNGUARDED_AVAILABILITY = YES_AGGRESSIVE;
				CLANG_WARN_UNREACHABLE_CODE = YES;
				CLANG_WARN__DUPLICATE_METHOD_MATCH = YES;
				COPY_PHASE_STRIP = NO;
				DEBUG_INFORMATION_FORMAT = "dwarf-with-dsym";
				ENABLE_NS_ASSERTIONS = NO;
				ENABLE_STRICT_OBJC_MSGSEND = YES;
				GCC_C_LANGUAGE_STANDARD = gnu11;
				GCC_NO_COMMON_BLOCKS = YES;
				GCC_WARN_64_TO_32_BIT_CONVERSION = YES;
				GCC_WARN_ABOUT_RETURN_TYPE = YES_ERROR;
				GCC_WARN_UNDECLARED_SELECTOR = YES;
				GCC_WARN_UNINITIALIZED_AUTOS = YES_AGGRESSIVE;
				GCC_WARN_UNUSED_FUNCTION = YES;
				GCC_WARN_UNUSED_VARIABLE = YES;
				IPHONEOS_DEPLOYMENT_TARGET = 13.5;
				MTL_ENABLE_DEBUG_INFO = NO;
				MTL_FAST_MATH = YES;
				SDKROOT = iphoneos;
				VALIDATE_PRODUCT = YES;
			};
			name = Release;
		};
		141D9CD524B2AE9B006D2EAE /* Debug */ = {
			isa = XCBuildConfiguration;
			buildSettings = {
				ASSETCATALOG_COMPILER_APPICON_NAME = AppIcon;
				CODE_SIGN_STYLE = Automatic;
				INFOPLIST_FILE = library/Info.plist;
				LD_RUNPATH_SEARCH_PATHS = (
					"$(inherited)",
					"@executable_path/Frameworks",
				);
				PRODUCT_BUNDLE_IDENTIFIER = com.itcast.library;
				PRODUCT_NAME = "$(TARGET_NAME)";
				TARGETED_DEVICE_FAMILY = "1,2";
			};
			name = Debug;
		};
		141D9CD624B2AE9B006D2EAE /* Release */ = {
			isa = XCBuildConfiguration;
			buildSettings = {
				ASSETCATALOG_COMPILER_APPICON_NAME = AppIcon;
				CODE_SIGN_STYLE = Automatic;
				INFOPLIST_FILE = library/Info.plist;
				LD_RUNPATH_SEARCH_PATHS = (
					"$(inherited)",
					"@executable_path/Frameworks",
				);
				PRODUCT_BUNDLE_IDENTIFIER = com.itcast.library;
				PRODUCT_NAME = "$(TARGET_NAME)";
				TARGETED_DEVICE_FAMILY = "1,2";
			};
			name = Release;
		};
/* End XCBuildConfiguration section */

/* Begin XCConfigurationList section */
		141D9CB624B2AE99006D2EAE /* Build configuration list for PBXProject "library" */ = {
			isa = XCConfigurationList;
			buildConfigurations = (
				141D9CD224B2AE9B006D2EAE /* Debug */,
				141D9CD324B2AE9B006D2EAE /* Release */,
			);
			defaultConfigurationIsVisible = 0;
			defaultConfigurationName = Release;
		};
		141D9CD424B2AE9B006D2EAE /* Build configuration list for PBXNativeTarget "library" */ = {
			isa = XCConfigurationList;
			buildConfigurations = (
				141D9CD524B2AE9B006D2EAE /* Debug */,
				141D9CD624B2AE9B006D2EAE /* Release */,
			);
			defaultConfigurationIsVisible = 0;
			defaultConfigurationName = Release;
		};
/* End XCConfigurationList section */
	};
	rootObject = 141D9CB324B2AE99006D2EAE /* Project object */;
}
